
Microsoft Visual Studio Solution File, Format Version 12.00
# Visual Studio 15
VisualStudioVersion = 15.0.27130.2027
MinimumVisualStudioVersion = 10.0.40219.1
Project("{FAE04EC0-301F-11D3-BF4B-00C04F79EFBC}") = "Threax.Extensions.Linq", "Threax.Extensions.Linq\Threax.Extensions.Linq.csproj", "{857E31F0-98E6-4900-934B-C68211F0E003}"
EndProject
Global
	GlobalSection(SolutionConfigurationPlatforms) = preSolution
		Debug|Any CPU = Debug|Any CPU
		Release|Any CPU = Release|Any CPU
	EndGlobalSection
	GlobalSection(ProjectConfigurationPlatforms) = postSolution
		{857E31F0-98E6-4900-934B-C68211F0E003}.Debug|Any CPU.ActiveCfg = Debug|Any CPU
		{857E31F0-98E6-4900-934B-C68211F0E003}.Debug|Any CPU.Build.0 = Debug|Any CPU
		{857E31F0-98E6-4900-934B-C68211F0E003}.Release|Any CPU.ActiveCfg = Release|Any CPU
		{857E31F0-98E6-4900-934B-C68211F0E003}.Release|Any CPU.Build.0 = Release|Any CPU
	EndGlobalSection
	GlobalSection(SolutionProperties) = preSolution
		HideSolutionNode = FALSE
	EndGlobalSection
	GlobalSection(ExtensibilityGlobals) = postSolution
		SolutionGuid = {78B36835-4F0F-4317-B1CE-82C0476971D8}
	EndGlobalSection
EndGlobal
